
Microsoft Visual Studio Solution File, Format Version 12.00
# Visual Studio Version 16
VisualStudioVersion = 16.0.32106.194
MinimumVisualStudioVersion = 10.0.40219.1
Project("{FAE04EC0-301F-11D3-BF4B-00C04F79EFBC}") = "Hrdina a drak - ctvrtek 14", "Hrdina a drak - ctvrtek 14\Hrdina a drak - ctvrtek 14.csproj", "{11A4846A-3EC8-4FB6-8A4F-6D8C72279C5A}"
EndProject
Global
	GlobalSection(SolutionConfigurationPlatforms) = preSolution
		Debug|Any CPU = Debug|Any CPU
		Release|Any CPU = Release|Any CPU
	EndGlobalSection
	GlobalSection(ProjectConfigurationPlatforms) = postSolution
		{11A4846A-3EC8-4FB6-8A4F-6D8C72279C5A}.Debug|Any CPU.ActiveCfg = Debug|Any CPU
		{11A4846A-3EC8-4FB6-8A4F-6D8C72279C5A}.Debug|Any CPU.Build.0 = Debug|Any CPU
		{11A4846A-3EC8-4FB6-8A4F-6D8C72279C5A}.Release|Any CPU.ActiveCfg = Release|Any CPU
		{11A4846A-3EC8-4FB6-8A4F-6D8C72279C5A}.Release|Any CPU.Build.0 = Release|Any CPU
	EndGlobalSection
	GlobalSection(SolutionProperties) = preSolution
		HideSolutionNode = FALSE
	EndGlobalSection
	GlobalSection(ExtensibilityGlobals) = postSolution
		SolutionGuid = {265AEFD2-3F29-471A-8BFE-644C8ADF86D6}
	EndGlobalSection
EndGlobal
